
Microsoft Visual Studio Solution File, Format Version 12.00
# Visual Studio Version 16
VisualStudioVersion = 16.0.31005.135
MinimumVisualStudioVersion = 10.0.40219.1
Project("{FAE04EC0-301F-11D3-BF4B-00C04F79EFBC}") = "JsonAppCons", "JsonAppCons.csproj", "{7D617F4F-5361-4415-990A-AA135A31DD43}"
EndProject
Global
	GlobalSection(SolutionConfigurationPlatforms) = preSolution
		Debug|Any CPU = Debug|Any CPU
		Release|Any CPU = Release|Any CPU
	EndGlobalSection
	GlobalSection(ProjectConfigurationPlatforms) = postSolution
		{7D617F4F-5361-4415-990A-AA135A31DD43}.Debug|Any CPU.ActiveCfg = Debug|Any CPU
		{7D617F4F-5361-4415-990A-AA135A31DD43}.Debug|Any CPU.Build.0 = Debug|Any CPU
		{7D617F4F-5361-4415-990A-AA135A31DD43}.Release|Any CPU.ActiveCfg = Release|Any CPU
		{7D617F4F-5361-4415-990A-AA135A31DD43}.Release|Any CPU.Build.0 = Release|Any CPU
	EndGlobalSection
	GlobalSection(SolutionProperties) = preSolution
		HideSolutionNode = FALSE
	EndGlobalSection
	GlobalSection(ExtensibilityGlobals) = postSolution
		SolutionGuid = {DCD3D7EE-A514-4832-B1B9-5A907B333153}
	EndGlobalSection
EndGlobal
